
Microsoft Visual Studio Solution File, Format Version 12.00
# Visual Studio Version 17
VisualStudioVersion = 17.8.34205.153
MinimumVisualStudioVersion = 10.0.40219.1
Project("{FAE04EC0-301F-11D3-BF4B-00C04F79EFBC}") = "Wavelet", "Wavelet\Wavelet.csproj", "{C89BA5D7-EF83-4C3B-A286-EF50863EC825}"
EndProject
Global
	GlobalSection(SolutionConfigurationPlatforms) = preSolution
		Debug|Any CPU = Debug|Any CPU
		Release|Any CPU = Release|Any CPU
	EndGlobalSection
	GlobalSection(ProjectConfigurationPlatforms) = postSolution
		{C89BA5D7-EF83-4C3B-A286-EF50863EC825}.Debug|Any CPU.ActiveCfg = Debug|Any CPU
		{C89BA5D7-EF83-4C3B-A286-EF50863EC825}.Debug|Any CPU.Build.0 = Debug|Any CPU
		{C89BA5D7-EF83-4C3B-A286-EF50863EC825}.Release|Any CPU.ActiveCfg = Release|Any CPU
		{C89BA5D7-EF83-4C3B-A286-EF50863EC825}.Release|Any CPU.Build.0 = Release|Any CPU
	EndGlobalSection
	GlobalSection(SolutionProperties) = preSolution
		HideSolutionNode = FALSE
	EndGlobalSection
	GlobalSection(ExtensibilityGlobals) = postSolution
		SolutionGuid = {C32524BB-230D-4E38-86C4-11041CB8447B}
	EndGlobalSection
EndGlobal
